
Microsoft Visual Studio Solution File, Format Version 12.00
# Visual Studio Version 16
VisualStudioVersion = 16.0.31205.134
MinimumVisualStudioVersion = 10.0.40219.1
Project("{FAE04EC0-301F-11D3-BF4B-00C04F79EFBC}") = "triangulo-base", "triangulo-base.csproj", "{B0E2F6AF-A24C-4AD7-B482-6EBE1536BA03}"
EndProject
Global
	GlobalSection(SolutionConfigurationPlatforms) = preSolution
		Debug|Any CPU = Debug|Any CPU
		Release|Any CPU = Release|Any CPU
	EndGlobalSection
	GlobalSection(ProjectConfigurationPlatforms) = postSolution
		{B0E2F6AF-A24C-4AD7-B482-6EBE1536BA03}.Debug|Any CPU.ActiveCfg = Debug|Any CPU
		{B0E2F6AF-A24C-4AD7-B482-6EBE1536BA03}.Debug|Any CPU.Build.0 = Debug|Any CPU
		{B0E2F6AF-A24C-4AD7-B482-6EBE1536BA03}.Release|Any CPU.ActiveCfg = Release|Any CPU
		{B0E2F6AF-A24C-4AD7-B482-6EBE1536BA03}.Release|Any CPU.Build.0 = Release|Any CPU
	EndGlobalSection
	GlobalSection(SolutionProperties) = preSolution
		HideSolutionNode = FALSE
	EndGlobalSection
	GlobalSection(ExtensibilityGlobals) = postSolution
		SolutionGuid = {43EEFE62-5563-415F-9A48-42285F6A2A11}
	EndGlobalSection
EndGlobal
